
Microsoft Visual Studio Solution File, Format Version 12.00
# Visual Studio Version 17
VisualStudioVersion = 17.6.33815.320
MinimumVisualStudioVersion = 10.0.40219.1
Project("{FAE04EC0-301F-11D3-BF4B-00C04F79EFBC}") = "Battleship", "Battleship\Battleship.csproj", "{713EA2F1-9AD3-49B2-A561-F26DCF02DAE9}"
EndProject
Global
	GlobalSection(SolutionConfigurationPlatforms) = preSolution
		Debug|Any CPU = Debug|Any CPU
		Release|Any CPU = Release|Any CPU
	EndGlobalSection
	GlobalSection(ProjectConfigurationPlatforms) = postSolution
		{713EA2F1-9AD3-49B2-A561-F26DCF02DAE9}.Debug|Any CPU.ActiveCfg = Debug|Any CPU
		{713EA2F1-9AD3-49B2-A561-F26DCF02DAE9}.Debug|Any CPU.Build.0 = Debug|Any CPU
		{713EA2F1-9AD3-49B2-A561-F26DCF02DAE9}.Release|Any CPU.ActiveCfg = Release|Any CPU
		{713EA2F1-9AD3-49B2-A561-F26DCF02DAE9}.Release|Any CPU.Build.0 = Release|Any CPU
	EndGlobalSection
	GlobalSection(SolutionProperties) = preSolution
		HideSolutionNode = FALSE
	EndGlobalSection
	GlobalSection(ExtensibilityGlobals) = postSolution
		SolutionGuid = {615ED2B7-4997-473A-B8B7-FCFFA44E1144}
	EndGlobalSection
EndGlobal
